PODS:
  - BWWalkthrough (2.1.0)
  - Realm (2.7.0):
    - Realm/Headers (= 2.7.0)
  - Realm/Headers (2.7.0)
  - RealmSwift (2.7.0):
    - Realm (= 2.7.0)

DEPENDENCIES:
  - BWWalkthrough
  - RealmSwift

SPEC CHECKSUMS:
  BWWalkthrough: 188408f55b951725ccfd4faa8dab5c577b57c7a9
  Realm: 07e5d3a9e0e41d65fd5f9f05150ed6295d0f093b
  RealmSwift: 6d06425d3900c86473c4f323bf6949b43fca22bc

PODFILE CHECKSUM: 5f220eb628bd444def4fce478f2b214969524be9

COCOAPODS: 1.2.1
